
Microsoft Visual Studio Solution File, Format Version 12.00
# Visual Studio Version 16
VisualStudioVersion = 16.0.30114.105
MinimumVisualStudioVersion = 10.0.40219.1
Project("{FAE04EC0-301F-11D3-BF4B-00C04F79EFBC}") = "dnvm", "src\dnvm.csproj", "{F8E81AA2-E608-4721-8794-E971DC8C980D}"
EndProject
Project("{2150E333-8FDC-42A3-9474-1A3956D46DE8}") = "test", "test", "{4172F455-395C-4379-A0EF-98DBBF557DDB}"
EndProject
Project("{FAE04EC0-301F-11D3-BF4B-00C04F79EFBC}") = "PublishTests", "test\PublishTests\PublishTests.csproj", "{3A8D2CC5-3B26-4FB9-92F9-B67226CDCA06}"
EndProject
Project("{FAE04EC0-301F-11D3-BF4B-00C04F79EFBC}") = "Dnvm.Test.Shared", "test\Shared\Dnvm.Test.Shared.csproj", "{5822BC7D-B3E3-4FB9-910E-CE03B717ACF4}"
EndProject
Project("{FAE04EC0-301F-11D3-BF4B-00C04F79EFBC}") = "UnitTests", "test\UnitTests\UnitTests.csproj", "{7BDADF3F-17CF-45D1-B42C-E3DBAD18FDDA}"
EndProject
Global
	GlobalSection(SolutionConfigurationPlatforms) = preSolution
		Debug|Any CPU = Debug|Any CPU
		Release|Any CPU = Release|Any CPU
	EndGlobalSection
	GlobalSection(SolutionProperties) = preSolution
		HideSolutionNode = FALSE
	EndGlobalSection
	GlobalSection(ProjectConfigurationPlatforms) = postSolution
		{F8E81AA2-E608-4721-8794-E971DC8C980D}.Debug|Any CPU.ActiveCfg = Debug|Any CPU
		{F8E81AA2-E608-4721-8794-E971DC8C980D}.Debug|Any CPU.Build.0 = Debug|Any CPU
		{F8E81AA2-E608-4721-8794-E971DC8C980D}.Release|Any CPU.ActiveCfg = Release|Any CPU
		{F8E81AA2-E608-4721-8794-E971DC8C980D}.Release|Any CPU.Build.0 = Release|Any CPU
		{3A8D2CC5-3B26-4FB9-92F9-B67226CDCA06}.Debug|Any CPU.ActiveCfg = Debug|Any CPU
		{3A8D2CC5-3B26-4FB9-92F9-B67226CDCA06}.Debug|Any CPU.Build.0 = Debug|Any CPU
		{3A8D2CC5-3B26-4FB9-92F9-B67226CDCA06}.Release|Any CPU.ActiveCfg = Release|Any CPU
		{3A8D2CC5-3B26-4FB9-92F9-B67226CDCA06}.Release|Any CPU.Build.0 = Release|Any CPU
		{5822BC7D-B3E3-4FB9-910E-CE03B717ACF4}.Debug|Any CPU.ActiveCfg = Debug|Any CPU
		{5822BC7D-B3E3-4FB9-910E-CE03B717ACF4}.Debug|Any CPU.Build.0 = Debug|Any CPU
		{5822BC7D-B3E3-4FB9-910E-CE03B717ACF4}.Release|Any CPU.ActiveCfg = Release|Any CPU
		{5822BC7D-B3E3-4FB9-910E-CE03B717ACF4}.Release|Any CPU.Build.0 = Release|Any CPU
		{7BDADF3F-17CF-45D1-B42C-E3DBAD18FDDA}.Debug|Any CPU.ActiveCfg = Debug|Any CPU
		{7BDADF3F-17CF-45D1-B42C-E3DBAD18FDDA}.Debug|Any CPU.Build.0 = Debug|Any CPU
		{7BDADF3F-17CF-45D1-B42C-E3DBAD18FDDA}.Release|Any CPU.ActiveCfg = Release|Any CPU
		{7BDADF3F-17CF-45D1-B42C-E3DBAD18FDDA}.Release|Any CPU.Build.0 = Release|Any CPU
	EndGlobalSection
	GlobalSection(NestedProjects) = preSolution
		{3A8D2CC5-3B26-4FB9-92F9-B67226CDCA06} = {4172F455-395C-4379-A0EF-98DBBF557DDB}
		{5822BC7D-B3E3-4FB9-910E-CE03B717ACF4} = {4172F455-395C-4379-A0EF-98DBBF557DDB}
		{7BDADF3F-17CF-45D1-B42C-E3DBAD18FDDA} = {4172F455-395C-4379-A0EF-98DBBF557DDB}
	EndGlobalSection
EndGlobal
